
Microsoft Visual Studio Solution File, Format Version 12.00
# Visual Studio Version 17
VisualStudioVersion = 17.3.32901.215
MinimumVisualStudioVersion = 10.0.40219.1
Project("{8BC9CEB8-8B4A-11D0-8D11-00A0C91BC942}") = "ConsoleAppCpp32", "ConsoleAppCpp32\ConsoleAppCpp32.vcxproj", "{B7D57620-E588-490F-A0DE-0FB984B2B31F}"
EndProject
Global
	GlobalSection(SolutionConfigurationPlatforms) = preSolution
		Debug|x64 = Debug|x64
		Debug|x86 = Debug|x86
		Release|x64 = Release|x64
		Release|x86 = Release|x86
	EndGlobalSection
	GlobalSection(ProjectConfigurationPlatforms) = postSolution
		{B7D57620-E588-490F-A0DE-0FB984B2B31F}.Debug|x64.ActiveCfg = Debug|x64
		{B7D57620-E588-490F-A0DE-0FB984B2B31F}.Debug|x64.Build.0 = Debug|x64
		{B7D57620-E588-490F-A0DE-0FB984B2B31F}.Debug|x86.ActiveCfg = Debug|Win32
		{B7D57620-E588-490F-A0DE-0FB984B2B31F}.Debug|x86.Build.0 = Debug|Win32
		{B7D57620-E588-490F-A0DE-0FB984B2B31F}.Release|x64.ActiveCfg = Release|x64
		{B7D57620-E588-490F-A0DE-0FB984B2B31F}.Release|x64.Build.0 = Release|x64
		{B7D57620-E588-490F-A0DE-0FB984B2B31F}.Release|x86.ActiveCfg = Release|Win32
		{B7D57620-E588-490F-A0DE-0FB984B2B31F}.Release|x86.Build.0 = Release|Win32
	EndGlobalSection
	GlobalSection(SolutionProperties) = preSolution
		HideSolutionNode = FALSE
	EndGlobalSection
	GlobalSection(ExtensibilityGlobals) = postSolution
		SolutionGuid = {918032D0-3E7F-4F8B-8B0E-0176FA837EBD}
	EndGlobalSection
EndGlobal
