
Microsoft Visual Studio Solution File, Format Version 12.00
# Visual Studio Version 17
VisualStudioVersion = 17.3.32901.215
MinimumVisualStudioVersion = 10.0.40219.1
Project("{8BC9CEB8-8B4A-11D0-8D11-00A0C91BC942}") = "ConsoleAppCpp23", "ConsoleAppCpp23\ConsoleAppCpp23.vcxproj", "{F8572F91-F76C-4DF4-B2D1-5D7BE92B75A9}"
EndProject
Global
	GlobalSection(SolutionConfigurationPlatforms) = preSolution
		Debug|x64 = Debug|x64
		Debug|x86 = Debug|x86
		Release|x64 = Release|x64
		Release|x86 = Release|x86
	EndGlobalSection
	GlobalSection(ProjectConfigurationPlatforms) = postSolution
		{F8572F91-F76C-4DF4-B2D1-5D7BE92B75A9}.Debug|x64.ActiveCfg = Debug|x64
		{F8572F91-F76C-4DF4-B2D1-5D7BE92B75A9}.Debug|x64.Build.0 = Debug|x64
		{F8572F91-F76C-4DF4-B2D1-5D7BE92B75A9}.Debug|x86.ActiveCfg = Debug|Win32
		{F8572F91-F76C-4DF4-B2D1-5D7BE92B75A9}.Debug|x86.Build.0 = Debug|Win32
		{F8572F91-F76C-4DF4-B2D1-5D7BE92B75A9}.Release|x64.ActiveCfg = Release|x64
		{F8572F91-F76C-4DF4-B2D1-5D7BE92B75A9}.Release|x64.Build.0 = Release|x64
		{F8572F91-F76C-4DF4-B2D1-5D7BE92B75A9}.Release|x86.ActiveCfg = Release|Win32
		{F8572F91-F76C-4DF4-B2D1-5D7BE92B75A9}.Release|x86.Build.0 = Release|Win32
	EndGlobalSection
	GlobalSection(SolutionProperties) = preSolution
		HideSolutionNode = FALSE
	EndGlobalSection
	GlobalSection(ExtensibilityGlobals) = postSolution
		SolutionGuid = {122CC1A3-2256-4C5A-ACD5-0D9A9B76E53C}
	EndGlobalSection
EndGlobal
